// !$*UTF8*$!
{
	archiveVersion = 1;
	classes = {
	};
	objectVersion = 46;
	objects = {

/* Begin PBXBuildFile section */
		545DE0091D99852600946B05 /* AppDelegate.swift in Sources */ = {isa = PBXBuildFile; fileRef = 545DE0081D99852600946B05 /* AppDelegate.swift */; };
		545DE00B1D99852600946B05 /* ViewController.swift in Sources */ = {isa = PBXBuildFile; fileRef = 545DE00A1D99852600946B05 /* ViewController.swift */; };
		545DE00E1D99852600946B05 /* Main.storyboard in Resources */ = {isa = PBXBuildFile; fileRef = 545DE00C1D99852600946B05 /* Main.storyboard */; };
		545DE0101D99852600946B05 /* Assets.xcassets in Resources */ = {isa = PBXBuildFile; fileRef = 545DE00F1D99852600946B05 /* Assets.xcassets */; };
		545DE0131D99852600946B05 /* LaunchScreen.storyboard in Resources */ = {isa = PBXBuildFile; fileRef = 545DE0111D99852600946B05 /* LaunchScreen.storyboard */; };
		545DE01E1D99852700946B05 /* GeekBusTests.swift in Sources */ = {isa = PBXBuildFile; fileRef = 545DE01D1D99852700946B05 /* GeekBusTests.swift */; };
/* End PBXBuildFile section */

/* Begin PBXContainerItemProxy section */
		545DE01A1D99852700946B05 /* PBXContainerItemProxy */ = {
			isa = PBXContainerItemProxy;
			containerPortal = 545DDFFD1D99852600946B05 /* Project object */;
			proxyType = 1;
			remoteGlobalIDString = 545DE0041D99852600946B05;
			remoteInfo = GeekBus;
		};
/* End PBXContainerItemProxy section */

/* Begin PBXFileReference section */
		545DE0051D99852600946B05 /* GeekBus.app */ = {isa = PBXFileReference; explicitFileType = wrapper.application; includeInIndex = 0; path = GeekBus.app; sourceTree = BUILT_PRODUCTS_DIR; };
		545DE0081D99852600946B05 /* AppDelegate.swift */ = {isa = PBXFileReference; lastKnownFileType = sourcecode.swift; path = AppDelegate.swift; sourceTree = "<group>"; };
		545DE00A1D99852600946B05 /* ViewController.swift */ = {isa = PBXFileReference; lastKnownFileType = sourcecode.swift; path = ViewController.swift; sourceTree = "<group>"; };
		545DE00D1D99852600946B05 /* Base */ = {isa = PBXFileReference; lastKnownFileType = file.storyboard; name = Base; path = Base.lproj/Main.storyboard; sourceTree = "<group>"; };
		545DE00F1D99852600946B05 /* Assets.xcassets */ = {isa = PBXFileReference; lastKnownFileType = folder.assetcatalog; path = Assets.xcassets; sourceTree = "<group>"; };
		545DE0121D99852600946B05 /* Base */ = {isa = PBXFileReference; lastKnownFileType = file.storyboard; name = Base; path = Base.lproj/LaunchScreen.storyboard; sourceTree = "<group>"; };
		545DE0141D99852600946B05 /* Info.plist */ = {isa = PBXFileReference; lastKnownFileType = text.plist.xml; path = Info.plist; sourceTree = "<group>"; };
		545DE0191D99852700946B05 /* GeekBusTests.xctest */ = {isa = PBXFileReference; explicitFileType = wrapper.cfbundle; includeInIndex = 0; path = GeekBusTests.xctest; sourceTree = BUILT_PRODUCTS_DIR; };
		545DE01D1D99852700946B05 /* GeekBusTests.swift */ = {isa = PBXFileReference; lastKnownFileType = sourcecode.swift; path = GeekBusTests.swift; sourceTree = "<group>"; };
		545DE01F1D99852700946B05 /* Info.plist */ = {isa = PBXFileReference; lastKnownFileType = text.plist.xml; path = Info.plist; sourceTree = "<group>"; };
/* End PBXFileReference section */

/* Begin PBXFrameworksBuildPhase section */
		545DE0021D99852600946B05 /* Frameworks */ = {
			isa = PBXFrameworksBuildPhase;
			buildActionMask = 2147483647;
			files = (
			);
			runOnlyForDeploymentPostprocessing = 0;
		};
		545DE0161D99852700946B05 /* Frameworks */ = {
			isa = PBXFrameworksBuildPhase;
			buildActionMask = 2147483647;
			files = (
			);
			runOnlyForDeploymentPostprocessing = 0;
		};
/* End PBXFrameworksBuildPhase section */

/* Begin PBXGroup section */
		545DDFFC1D99852600946B05 = {
			isa = PBXGroup;
			children = (
				545DE0071D99852600946B05 /* GeekBus */,
				545DE01C1D99852700946B05 /* GeekBusTests */,
				545DE0061D99852600946B05 /* Products */,
			);
			sourceTree = "<group>";
		};
		545DE0061D99852600946B05 /* Products */ = {
			isa = PBXGroup;
			children = (
				545DE0051D99852600946B05 /* GeekBus.app */,
				545DE0191D99852700946B05 /* GeekBusTests.xctest */,
			);
			name = Products;
			sourceTree = "<group>";
		};
		545DE0071D99852600946B05 /* GeekBus */ = {
			isa = PBXGroup;
			children = (
				545DE0081D99852600946B05 /* AppDelegate.swift */,
				545DE00A1D99852600946B05 /* ViewController.swift */,
				545DE00C1D99852600946B05 /* Main.storyboard */,
				545DE00F1D99852600946B05 /* Assets.xcassets */,
				545DE0111D99852600946B05 /* LaunchScreen.storyboard */,
				545DE0141D99852600946B05 /* Info.plist */,
			);
			path = GeekBus;
			sourceTree = "<group>";
		};
		545DE01C1D99852700946B05 /* GeekBusTests */ = {
			isa = PBXGroup;
			children = (
				545DE01D1D99852700946B05 /* GeekBusTests.swift */,
				545DE01F1D99852700946B05 /* Info.plist */,
			);
			path = GeekBusTests;
			sourceTree = "<group>";
		};
/* End PBXGroup section */

/* Begin PBXNativeTarget section */
		545DE0041D99852600946B05 /* GeekBus */ = {
			isa = PBXNativeTarget;
			buildConfigurationList = 545DE0221D99852700946B05 /* Build configuration list for PBXNativeTarget "GeekBus" */;
			buildPhases = (
				545DE0011D99852600946B05 /* Sources */,
				545DE0021D99852600946B05 /* Frameworks */,
				545DE0031D99852600946B05 /* Resources */,
			);
			buildRules = (
			);
			dependencies = (
			);
			name = GeekBus;
			productName = GeekBus;
			productReference = 545DE0051D99852600946B05 /* GeekBus.app */;
			productType = "com.apple.product-type.application";
		};
		545DE0181D99852700946B05 /* GeekBusTests */ = {
			isa = PBXNativeTarget;
			buildConfigurationList = 545DE0251D99852700946B05 /* Build configuration list for PBXNativeTarget "GeekBusTests" */;
			buildPhases = (
				545DE0151D99852700946B05 /* Sources */,
				545DE0161D99852700946B05 /* Frameworks */,
				545DE0171D99852700946B05 /* Resources */,
			);
			buildRules = (
			);
			dependencies = (
				545DE01B1D99852700946B05 /* PBXTargetDependency */,
			);
			name = GeekBusTests;
			productName = GeekBusTests;
			productReference = 545DE0191D99852700946B05 /* GeekBusTests.xctest */;
			productType = "com.apple.product-type.bundle.unit-test";
		};
/* End PBXNativeTarget section */

/* Begin PBXProject section */
		545DDFFD1D99852600946B05 /* Project object */ = {
			isa = PBXProject;
			attributes = {
				LastSwiftUpdateCheck = 0800;
				LastUpgradeCheck = 0800;
				ORGANIZATIONNAME = "Luis Mariano Arobes";
				TargetAttributes = {
					545DE0041D99852600946B05 = {
						CreatedOnToolsVersion = 8.0;
						ProvisioningStyle = Automatic;
					};
					545DE0181D99852700946B05 = {
						CreatedOnToolsVersion = 8.0;
						ProvisioningStyle = Automatic;
						TestTargetID = 545DE0041D99852600946B05;
					};
				};
			};
			buildConfigurationList = 545DE0001D99852600946B05 /* Build configuration list for PBXProject "GeekBus" */;
			compatibilityVersion = "Xcode 3.2";
			developmentRegion = English;
			hasScannedForEncodings = 0;
			knownRegions = (
				en,
				Base,
			);
			mainGroup = 545DDFFC1D99852600946B05;
			productRefGroup = 545DE0061D99852600946B05 /* Products */;
			projectDirPath = "";
			projectRoot = "";
			targets = (
				545DE0041D99852600946B05 /* GeekBus */,
				545DE0181D99852700946B05 /* GeekBusTests */,
			);
		};
/* End PBXProject section */

/* Begin PBXResourcesBuildPhase section */
		545DE0031D99852600946B05 /* Resources */ = {
			isa = PBXResourcesBuildPhase;
			buildActionMask = 2147483647;
			files = (
				545DE0131D99852600946B05 /* LaunchScreen.storyboard in Resources */,
				545DE0101D99852600946B05 /* Assets.xcassets in Resources */,
				545DE00E1D99852600946B05 /* Main.storyboard in Resources */,
			);
			runOnlyForDeploymentPostprocessing = 0;
		};
		545DE0171D99852700946B05 /* Resources */ = {
			isa = PBXResourcesBuildPhase;
			buildActionMask = 2147483647;
			files = (
			);
			runOnlyForDeploymentPostprocessing = 0;
		};
/* End PBXResourcesBuildPhase section */

/* Begin PBXSourcesBuildPhase section */
		545DE0011D99852600946B05 /* Sources */ = {
			isa = PBXSourcesBuildPhase;
			buildActionMask = 2147483647;
			files = (
				545DE00B1D99852600946B05 /* ViewController.swift in Sources */,
				545DE0091D99852600946B05 /* AppDelegate.swift in Sources */,
			);
			runOnlyForDeploymentPostprocessing = 0;
		};
		545DE0151D99852700946B05 /* Sources */ = {
			isa = PBXSourcesBuildPhase;
			buildActionMask = 2147483647;
			files = (
				545DE01E1D99852700946B05 /* GeekBusTests.swift in Sources */,
			);
			runOnlyForDeploymentPostprocessing = 0;
		};
/* End PBXSourcesBuildPhase section */

/* Begin PBXTargetDependency section */
		545DE01B1D99852700946B05 /* PBXTargetDependency */ = {
			isa = PBXTargetDependency;
			target = 545DE0041D99852600946B05 /* GeekBus */;
			targetProxy = 545DE01A1D99852700946B05 /* PBXContainerItemProxy */;
		};
/* End PBXTargetDependency section */

/* Begin PBXVariantGroup section */
		545DE00C1D99852600946B05 /* Main.storyboard */ = {
			isa = PBXVariantGroup;
			children = (
				545DE00D1D99852600946B05 /* Base */,
			);
			name = Main.storyboard;
			sourceTree = "<group>";
		};
		545DE0111D99852600946B05 /* LaunchScreen.storyboard */ = {
			isa = PBXVariantGroup;
			children = (
				545DE0121D99852600946B05 /* Base */,
			);
			name = LaunchScreen.storyboard;
			sourceTree = "<group>";
		};
/* End PBXVariantGroup section */

/* Begin XCBuildConfiguration section */
		545DE0201D99852700946B05 /* Debug */ = {
			isa = XCBuildConfiguration;
			buildSettings = {
				ALWAYS_SEARCH_USER_PATHS = NO;
				CLANG_ANALYZER_NONNULL = YES;
				CLANG_CXX_LANGUAGE_STANDARD = "gnu++0x";
				CLANG_CXX_LIBRARY = "libc++";
				CLANG_ENABLE_MODULES = YES;
				CLANG_ENABLE_OBJC_ARC = YES;
				CLANG_WARN_BOOL_CONVERSION = YES;
				CLANG_WARN_CONSTANT_CONVERSION = YES;
				CLANG_WARN_DIRECT_OBJC_ISA_USAGE = YES_ERROR;
				CLANG_WARN_DOCUMENTATION_COMMENTS = YES;
				CLANG_WARN_EMPTY_BODY = YES;
				CLANG_WARN_ENUM_CONVERSION = YES;
				CLANG_WARN_INFINITE_RECURSION = YES;
				CLANG_WARN_INT_CONVERSION = YES;
				CLANG_WARN_OBJC_ROOT_CLASS = YES_ERROR;
				CLANG_WARN_SUSPICIOUS_MOVES = YES;
				CLANG_WARN_UNREACHABLE_CODE = YES;
				CLANG_WARN__DUPLICATE_METHOD_MATCH = YES;
				"CODE_SIGN_IDENTITY[sdk=iphoneos*]" = "iPhone Developer";
				COPY_PHASE_STRIP = NO;
				DEBUG_INFORMATION_FORMAT = dwarf;
				ENABLE_STRICT_OBJC_MSGSEND = YES;
				ENABLE_TESTABILITY = YES;
				GCC_C_LANGUAGE_STANDARD = gnu99;
				GCC_DYNAMIC_NO_PIC = NO;
				GCC_NO_COMMON_BLOCKS = YES;
				GCC_OPTIMIZATION_LEVEL = 0;
				GCC_PREPROCESSOR_DEFINITIONS = (
					"DEBUG=1",
					"$(inherited)",
				);
				GCC_WARN_64_TO_32_BIT_CONVERSION = YES;
				GCC_WARN_ABOUT_RETURN_TYPE = YES_ERROR;
				GCC_WARN_UNDECLARED_SELECTOR = YES;
				GCC_WARN_UNINITIALIZED_AUTOS = YES_AGGRESSIVE;
				GCC_WARN_UNUSED_FUNCTION = YES;
				GCC_WARN_UNUSED_VARIABLE = YES;
				IPHONEOS_DEPLOYMENT_TARGET = 10.0;
				MTL_ENABLE_DEBUG_INFO = YES;
				ONLY_ACTIVE_ARCH = YES;
				SDKROOT = iphoneos;
				SWIFT_ACTIVE_COMPILATION_CONDITIONS = DEBUG;
				SWIFT_OPTIMIZATION_LEVEL = "-Onone";
			};
			name = Debug;
		};
		545DE0211D99852700946B05 /* Release */ = {
			isa = XCBuildConfiguration;
			buildSettings = {
				ALWAYS_SEARCH_USER_PATHS = NO;
				CLANG_ANALYZER_NONNULL = YES;
				CLANG_CXX_LANGUAGE_STANDARD = "gnu++0x";
				CLANG_CXX_LIBRARY = "libc++";
				CLANG_ENABLE_MODULES = YES;
				CLANG_ENABLE_OBJC_ARC = YES;
				CLANG_WARN_BOOL_CONVERSION = YES;
				CLANG_WARN_CONSTANT_CONVERSION = YES;
				CLANG_WARN_DIRECT_OBJC_ISA_USAGE = YES_ERROR;
				CLANG_WARN_DOCUMENTATION_COMMENTS = YES;
				CLANG_WARN_EMPTY_BODY = YES;
				CLANG_WARN_ENUM_CONVERSION = YES;
				CLANG_WARN_INFINITE_RECURSION = YES;
				CLANG_WARN_INT_CONVERSION = YES;
				CLANG_WARN_OBJC_ROOT_CLASS = YES_ERROR;
				CLANG_WARN_SUSPICIOUS_MOVES = YES;
				CLANG_WARN_UNREACHABLE_CODE = YES;
				CLANG_WARN__DUPLICATE_METHOD_MATCH = YES;
				"CODE_SIGN_IDENTITY[sdk=iphoneos*]" = "iPhone Developer";
				COPY_PHASE_STRIP = NO;
				DEBUG_INFORMATION_FORMAT = "dwarf-with-dsym";
				ENABLE_NS_ASSERTIONS = NO;
				ENABLE_STRICT_OBJC_MSGSEND = YES;
				GCC_C_LANGUAGE_STANDARD = gnu99;
				GCC_NO_COMMON_BLOCKS = YES;
				GCC_WARN_64_TO_32_BIT_CONVERSION = YES;
				GCC_WARN_ABOUT_RETURN_TYPE = YES_ERROR;
				GCC_WARN_UNDECLARED_SELECTOR = YES;
				GCC_WARN_UNINITIALIZED_AUTOS = YES_AGGRESSIVE;
				GCC_WARN_UNUSED_FUNCTION = YES;
				GCC_WARN_UNUSED_VARIABLE = YES;
				IPHONEOS_DEPLOYMENT_TARGET = 10.0;
				MTL_ENABLE_DEBUG_INFO = NO;
				SDKROOT = iphoneos;
				SWIFT_OPTIMIZATION_LEVEL = "-Owholemodule";
				VALIDATE_PRODUCT = YES;
			};
			name = Release;
		};
		545DE0231D99852700946B05 /* Debug */ = {
			isa = XCBuildConfiguration;
			buildSettings = {
				ASSETCATALOG_COMPILER_APPICON_NAME = AppIcon;
				INFOPLIST_FILE = GeekBus/Info.plist;
				LD_RUNPATH_SEARCH_PATHS = "$(inherited) @executable_path/Frameworks";
				PRODUCT_BUNDLE_IDENTIFIER = com.semanai.GeekBus;
				PRODUCT_NAME = "$(TARGET_NAME)";
				SWIFT_VERSION = 3.0;
			};
			name = Debug;
		};
		545DE0241D99852700946B05 /* Release */ = {
			isa = XCBuildConfiguration;
			buildSettings = {
				ASSETCATALOG_COMPILER_APPICON_NAME = AppIcon;
				INFOPLIST_FILE = GeekBus/Info.plist;
				LD_RUNPATH_SEARCH_PATHS = "$(inherited) @executable_path/Frameworks";
				PRODUCT_BUNDLE_IDENTIFIER = com.semanai.GeekBus;
				PRODUCT_NAME = "$(TARGET_NAME)";
				SWIFT_VERSION = 3.0;
			};
			name = Release;
		};
		545DE0261D99852700946B05 /* Debug */ = {
			isa = XCBuildConfiguration;
			buildSettings = {
				ALWAYS_EMBED_SWIFT_STANDARD_LIBRARIES = YES;
				BUNDLE_LOADER = "$(TEST_HOST)";
				INFOPLIST_FILE = GeekBusTests/Info.plist;
				LD_RUNPATH_SEARCH_PATHS = "$(inherited) @executable_path/Frameworks @loader_path/Frameworks";
				PRODUCT_BUNDLE_IDENTIFIER = com.semanai.GeekBusTests;
				PRODUCT_NAME = "$(TARGET_NAME)";
				SWIFT_VERSION = 3.0;
				TEST_HOST = "$(BUILT_PRODUCTS_DIR)/GeekBus.app/GeekBus";
			};
			name = Debug;
		};
		545DE0271D99852700946B05 /* Release */ = {
			isa = XCBuildConfiguration;
			buildSettings = {
				ALWAYS_EMBED_SWIFT_STANDARD_LIBRARIES = YES;
				BUNDLE_LOADER = "$(TEST_HOST)";
				INFOPLIST_FILE = GeekBusTests/Info.plist;
				LD_RUNPATH_SEARCH_PATHS = "$(inherited) @executable_path/Frameworks @loader_path/Frameworks";
				PRODUCT_BUNDLE_IDENTIFIER = com.semanai.GeekBusTests;
				PRODUCT_NAME = "$(TARGET_NAME)";
				SWIFT_VERSION = 3.0;
				TEST_HOST = "$(BUILT_PRODUCTS_DIR)/GeekBus.app/GeekBus";
			};
			name = Release;
		};
/* End XCBuildConfiguration section */

/* Begin XCConfigurationList section */
		545DE0001D99852600946B05 /* Build configuration list for PBXProject "GeekBus" */ = {
			isa = XCConfigurationList;
			buildConfigurations = (
				545DE0201D99852700946B05 /* Debug */,
				545DE0211D99852700946B05 /* Release */,
			);
			defaultConfigurationIsVisible = 0;
			defaultConfigurationName = Release;
		};
		545DE0221D99852700946B05 /* Build configuration list for PBXNativeTarget "GeekBus" */ = {
			isa = XCConfigurationList;
			buildConfigurations = (
				545DE0231D99852700946B05 /* Debug */,
				545DE0241D99852700946B05 /* Release */,
			);
			defaultConfigurationIsVisible = 0;
		};
		545DE0251D99852700946B05 /* Build configuration list for PBXNativeTarget "GeekBusTests" */ = {
			isa = XCConfigurationList;
			buildConfigurations = (
				545DE0261D99852700946B05 /* Debug */,
				545DE0271D99852700946B05 /* Release */,
			);
			defaultConfigurationIsVisible = 0;
		};
/* End XCConfigurationList section */
	};
	rootObject = 545DDFFD1D99852600946B05 /* Project object */;
}
